
Microsoft Visual Studio Solution File, Format Version 12.00
# Visual Studio Version 16
VisualStudioVersion = 16.0.31911.196
MinimumVisualStudioVersion = 10.0.40219.1
Project("{FAE04EC0-301F-11D3-BF4B-00C04F79EFBC}") = "ЗаданиеWpf12", "ЗаданиеWpf12\ЗаданиеWpf12.csproj", "{B7A832A1-F678-470B-8D7A-906605F99C6F}"
EndProject
Global
	GlobalSection(SolutionConfigurationPlatforms) = preSolution
		Debug|Any CPU = Debug|Any CPU
		Release|Any CPU = Release|Any CPU
	EndGlobalSection
	GlobalSection(ProjectConfigurationPlatforms) = postSolution
		{B7A832A1-F678-470B-8D7A-906605F99C6F}.Debug|Any CPU.ActiveCfg = Debug|Any CPU
		{B7A832A1-F678-470B-8D7A-906605F99C6F}.Debug|Any CPU.Build.0 = Debug|Any CPU
		{B7A832A1-F678-470B-8D7A-906605F99C6F}.Release|Any CPU.ActiveCfg = Release|Any CPU
		{B7A832A1-F678-470B-8D7A-906605F99C6F}.Release|Any CPU.Build.0 = Release|Any CPU
	EndGlobalSection
	GlobalSection(SolutionProperties) = preSolution
		HideSolutionNode = FALSE
	EndGlobalSection
	GlobalSection(ExtensibilityGlobals) = postSolution
		SolutionGuid = {65AACF44-D3D1-49B1-B1EE-4AF615DDCB3C}
	EndGlobalSection
EndGlobal
